
Microsoft Visual Studio Solution File, Format Version 12.00
# Visual Studio Version 16
VisualStudioVersion = 16.0.31624.102
MinimumVisualStudioVersion = 10.0.40219.1
Project("{FAE04EC0-301F-11D3-BF4B-00C04F79EFBC}") = "KabanovaLab3_4", "KabanovaLab3_4\KabanovaLab3_4.csproj", "{ED5F8C97-6277-43DB-8AC5-2052584D54C7}"
EndProject
Global
	GlobalSection(SolutionConfigurationPlatforms) = preSolution
		Debug|Any CPU = Debug|Any CPU
		Release|Any CPU = Release|Any CPU
	EndGlobalSection
	GlobalSection(ProjectConfigurationPlatforms) = postSolution
		{ED5F8C97-6277-43DB-8AC5-2052584D54C7}.Debug|Any CPU.ActiveCfg = Debug|Any CPU
		{ED5F8C97-6277-43DB-8AC5-2052584D54C7}.Debug|Any CPU.Build.0 = Debug|Any CPU
		{ED5F8C97-6277-43DB-8AC5-2052584D54C7}.Release|Any CPU.ActiveCfg = Release|Any CPU
		{ED5F8C97-6277-43DB-8AC5-2052584D54C7}.Release|Any CPU.Build.0 = Release|Any CPU
	EndGlobalSection
	GlobalSection(SolutionProperties) = preSolution
		HideSolutionNode = FALSE
	EndGlobalSection
	GlobalSection(ExtensibilityGlobals) = postSolution
		SolutionGuid = {45802DEF-66B6-4648-8093-28929408C4D7}
	EndGlobalSection
EndGlobal
